// !$*UTF8*$!
{
	archiveVersion = 1;
	classes = {
	};
	objectVersion = 50;
	objects = {

/* Begin PBXBuildFile section */
		B52F7704225C4CAA00C6CA5C /* AppDelegate.swift in Sources */ = {isa = PBXBuildFile; fileRef = B52F7703225C4CAA00C6CA5C /* AppDelegate.swift */; };
		B52F7706225C4CAA00C6CA5C /* ViewController.swift in Sources */ = {isa = PBXBuildFile; fileRef = B52F7705225C4CAA00C6CA5C /* ViewController.swift */; };
		B52F7709225C4CAA00C6CA5C /* Main.storyboard in Resources */ = {isa = PBXBuildFile; fileRef = B52F7707225C4CAA00C6CA5C /* Main.storyboard */; };
		B52F770B225C4CAB00C6CA5C /* Assets.xcassets in Resources */ = {isa = PBXBuildFile; fileRef = B52F770A225C4CAB00C6CA5C /* Assets.xcassets */; };
		B52F770E225C4CAB00C6CA5C /* LaunchScreen.storyboard in Resources */ = {isa = PBXBuildFile; fileRef = B52F770C225C4CAB00C6CA5C /* LaunchScreen.storyboard */; };
		B52F771B225C4F7100C6CA5C /* mosaic_style.mlmodel in Sources */ = {isa = PBXBuildFile; fileRef = B52F7715225C4F7000C6CA5C /* mosaic_style.mlmodel */; };
		B52F771C225C4F7100C6CA5C /* art.scnassets in Resources */ = {isa = PBXBuildFile; fileRef = B52F7716225C4F7100C6CA5C /* art.scnassets */; };
		B52F771D225C4F7100C6CA5C /* StyleTransferInput.swift in Sources */ = {isa = PBXBuildFile; fileRef = B52F7717225C4F7100C6CA5C /* StyleTransferInput.swift */; };
		B52F771E225C4F7100C6CA5C /* udnie_style.mlmodel in Sources */ = {isa = PBXBuildFile; fileRef = B52F7718225C4F7100C6CA5C /* udnie_style.mlmodel */; };
		B52F771F225C4F7100C6CA5C /* UIImage+scaling.swift in Sources */ = {isa = PBXBuildFile; fileRef = B52F7719225C4F7100C6CA5C /* UIImage+scaling.swift */; };
		B52F7720225C4F7100C6CA5C /* wave_style.mlmodel in Sources */ = {isa = PBXBuildFile; fileRef = B52F771A225C4F7100C6CA5C /* wave_style.mlmodel */; };
/* End PBXBuildFile section */

/* Begin PBXFileReference section */
		B52F7700225C4CAA00C6CA5C /* ARSwift.app */ = {isa = PBXFileReference; explicitFileType = wrapper.application; includeInIndex = 0; path = ARSwift.app; sourceTree = BUILT_PRODUCTS_DIR; };
		B52F7703225C4CAA00C6CA5C /* AppDelegate.swift */ = {isa = PBXFileReference; lastKnownFileType = sourcecode.swift; path = AppDelegate.swift; sourceTree = "<group>"; };
		B52F7705225C4CAA00C6CA5C /* ViewController.swift */ = {isa = PBXFileReference; lastKnownFileType = sourcecode.swift; path = ViewController.swift; sourceTree = "<group>"; };
		B52F7708225C4CAA00C6CA5C /* Base */ = {isa = PBXFileReference; lastKnownFileType = file.storyboard; name = Base; path = Base.lproj/Main.storyboard; sourceTree = "<group>"; };
		B52F770A225C4CAB00C6CA5C /* Assets.xcassets */ = {isa = PBXFileReference; lastKnownFileType = folder.assetcatalog; path = Assets.xcassets; sourceTree = "<group>"; };
		B52F770D225C4CAB00C6CA5C /* Base */ = {isa = PBXFileReference; lastKnownFileType = file.storyboard; name = Base; path = Base.lproj/LaunchScreen.storyboard; sourceTree = "<group>"; };
		B52F770F225C4CAB00C6CA5C /* Info.plist */ = {isa = PBXFileReference; lastKnownFileType = text.plist.xml; path = Info.plist; sourceTree = "<group>"; };
		B52F7715225C4F7000C6CA5C /* mosaic_style.mlmodel */ = {isa = PBXFileReference; lastKnownFileType = file.mlmodel; path = mosaic_style.mlmodel; sourceTree = "<group>"; };
		B52F7716225C4F7100C6CA5C /* art.scnassets */ = {isa = PBXFileReference; lastKnownFileType = wrapper.scnassets; path = art.scnassets; sourceTree = "<group>"; };
		B52F7717225C4F7100C6CA5C /* StyleTransferInput.swift */ = {isa = PBXFileReference; fileEncoding = 4; lastKnownFileType = sourcecode.swift; path = StyleTransferInput.swift; sourceTree = "<group>"; };
		B52F7718225C4F7100C6CA5C /* udnie_style.mlmodel */ = {isa = PBXFileReference; lastKnownFileType = file.mlmodel; path = udnie_style.mlmodel; sourceTree = "<group>"; };
		B52F7719225C4F7100C6CA5C /* UIImage+scaling.swift */ = {isa = PBXFileReference; fileEncoding = 4; lastKnownFileType = sourcecode.swift; path = "UIImage+scaling.swift"; sourceTree = "<group>"; };
		B52F771A225C4F7100C6CA5C /* wave_style.mlmodel */ = {isa = PBXFileReference; lastKnownFileType = file.mlmodel; path = wave_style.mlmodel; sourceTree = "<group>"; };
/* End PBXFileReference section */

/* Begin PBXFrameworksBuildPhase section */
		B52F76FD225C4CAA00C6CA5C /* Frameworks */ = {
			isa = PBXFrameworksBuildPhase;
			buildActionMask = 2147483647;
			files = (
			);
			runOnlyForDeploymentPostprocessing = 0;
		};
/* End PBXFrameworksBuildPhase section */

/* Begin PBXGroup section */
		B52F76F7225C4CAA00C6CA5C = {
			isa = PBXGroup;
			children = (
				B52F7702225C4CAA00C6CA5C /* ARSwift */,
				B52F7701225C4CAA00C6CA5C /* Products */,
			);
			sourceTree = "<group>";
		};
		B52F7701225C4CAA00C6CA5C /* Products */ = {
			isa = PBXGroup;
			children = (
				B52F7700225C4CAA00C6CA5C /* ARSwift.app */,
			);
			name = Products;
			sourceTree = "<group>";
		};
		B52F7702225C4CAA00C6CA5C /* ARSwift */ = {
			isa = PBXGroup;
			children = (
				B52F7716225C4F7100C6CA5C /* art.scnassets */,
				B52F7715225C4F7000C6CA5C /* mosaic_style.mlmodel */,
				B52F7717225C4F7100C6CA5C /* StyleTransferInput.swift */,
				B52F7718225C4F7100C6CA5C /* udnie_style.mlmodel */,
				B52F7719225C4F7100C6CA5C /* UIImage+scaling.swift */,
				B52F771A225C4F7100C6CA5C /* wave_style.mlmodel */,
				B52F7703225C4CAA00C6CA5C /* AppDelegate.swift */,
				B52F7705225C4CAA00C6CA5C /* ViewController.swift */,
				B52F7707225C4CAA00C6CA5C /* Main.storyboard */,
				B52F770A225C4CAB00C6CA5C /* Assets.xcassets */,
				B52F770C225C4CAB00C6CA5C /* LaunchScreen.storyboard */,
				B52F770F225C4CAB00C6CA5C /* Info.plist */,
			);
			path = ARSwift;
			sourceTree = "<group>";
		};
/* End PBXGroup section */

/* Begin PBXNativeTarget section */
		B52F76FF225C4CAA00C6CA5C /* ARSwift */ = {
			isa = PBXNativeTarget;
			buildConfigurationList = B52F7712225C4CAB00C6CA5C /* Build configuration list for PBXNativeTarget "ARSwift" */;
			buildPhases = (
				B52F76FC225C4CAA00C6CA5C /* Sources */,
				B52F76FD225C4CAA00C6CA5C /* Frameworks */,
				B52F76FE225C4CAA00C6CA5C /* Resources */,
			);
			buildRules = (
			);
			dependencies = (
			);
			name = ARSwift;
			productName = ARSwift;
			productReference = B52F7700225C4CAA00C6CA5C /* ARSwift.app */;
			productType = "com.apple.product-type.application";
		};
/* End PBXNativeTarget section */

/* Begin PBXProject section */
		B52F76F8225C4CAA00C6CA5C /* Project object */ = {
			isa = PBXProject;
			attributes = {
				LastSwiftUpdateCheck = 1020;
				LastUpgradeCheck = 1020;
				ORGANIZATIONNAME = "Alejandro Henkel";
				TargetAttributes = {
					B52F76FF225C4CAA00C6CA5C = {
						CreatedOnToolsVersion = 10.2;
					};
				};
			};
			buildConfigurationList = B52F76FB225C4CAA00C6CA5C /* Build configuration list for PBXProject "ARSwift" */;
			compatibilityVersion = "Xcode 9.3";
			developmentRegion = en;
			hasScannedForEncodings = 0;
			knownRegions = (
				en,
				Base,
			);
			mainGroup = B52F76F7225C4CAA00C6CA5C;
			productRefGroup = B52F7701225C4CAA00C6CA5C /* Products */;
			projectDirPath = "";
			projectRoot = "";
			targets = (
				B52F76FF225C4CAA00C6CA5C /* ARSwift */,
			);
		};
/* End PBXProject section */

/* Begin PBXResourcesBuildPhase section */
		B52F76FE225C4CAA00C6CA5C /* Resources */ = {
			isa = PBXResourcesBuildPhase;
			buildActionMask = 2147483647;
			files = (
				B52F770E225C4CAB00C6CA5C /* LaunchScreen.storyboard in Resources */,
				B52F771C225C4F7100C6CA5C /* art.scnassets in Resources */,
				B52F770B225C4CAB00C6CA5C /* Assets.xcassets in Resources */,
				B52F7709225C4CAA00C6CA5C /* Main.storyboard in Resources */,
			);
			runOnlyForDeploymentPostprocessing = 0;
		};
/* End PBXResourcesBuildPhase section */

/* Begin PBXSourcesBuildPhase section */
		B52F76FC225C4CAA00C6CA5C /* Sources */ = {
			isa = PBXSourcesBuildPhase;
			buildActionMask = 2147483647;
			files = (
				B52F771E225C4F7100C6CA5C /* udnie_style.mlmodel in Sources */,
				B52F771F225C4F7100C6CA5C /* UIImage+scaling.swift in Sources */,
				B52F7706225C4CAA00C6CA5C /* ViewController.swift in Sources */,
				B52F771D225C4F7100C6CA5C /* StyleTransferInput.swift in Sources */,
				B52F7704225C4CAA00C6CA5C /* AppDelegate.swift in Sources */,
				B52F7720225C4F7100C6CA5C /* wave_style.mlmodel in Sources */,
				B52F771B225C4F7100C6CA5C /* mosaic_style.mlmodel in Sources */,
			);
			runOnlyForDeploymentPostprocessing = 0;
		};
/* End PBXSourcesBuildPhase section */

/* Begin PBXVariantGroup section */
		B52F7707225C4CAA00C6CA5C /* Main.storyboard */ = {
			isa = PBXVariantGroup;
			children = (
				B52F7708225C4CAA00C6CA5C /* Base */,
			);
			name = Main.storyboard;
			sourceTree = "<group>";
		};
		B52F770C225C4CAB00C6CA5C /* LaunchScreen.storyboard */ = {
			isa = PBXVariantGroup;
			children = (
				B52F770D225C4CAB00C6CA5C /* Base */,
			);
			name = LaunchScreen.storyboard;
			sourceTree = "<group>";
		};
/* End PBXVariantGroup section */

/* Begin XCBuildConfiguration section */
		B52F7710225C4CAB00C6CA5C /* Debug */ = {
			isa = XCBuildConfiguration;
			buildSettings = {
				ALWAYS_SEARCH_USER_PATHS = NO;
				CLANG_ANALYZER_NONNULL = YES;
				CLANG_ANALYZER_NUMBER_OBJECT_CONVERSION = YES_AGGRESSIVE;
				CLANG_CXX_LANGUAGE_STANDARD = "gnu++14";
				CLANG_CXX_LIBRARY = "libc++";
				CLANG_ENABLE_MODULES = YES;
				CLANG_ENABLE_OBJC_ARC = YES;
				CLANG_ENABLE_OBJC_WEAK = YES;
				CLANG_WARN_BLOCK_CAPTURE_AUTORELEASING = YES;
				CLANG_WARN_BOOL_CONVERSION = YES;
				CLANG_WARN_COMMA = YES;
				CLANG_WARN_CONSTANT_CONVERSION = YES;
				CLANG_WARN_DEPRECATED_OBJC_IMPLEMENTATIONS = YES;
				CLANG_WARN_DIRECT_OBJC_ISA_USAGE = YES_ERROR;
				CLANG_WARN_DOCUMENTATION_COMMENTS = YES;
				CLANG_WARN_EMPTY_BODY = YES;
				CLANG_WARN_ENUM_CONVERSION = YES;
				CLANG_WARN_INFINITE_RECURSION = YES;
				CLANG_WARN_INT_CONVERSION = YES;
				CLANG_WARN_NON_LITERAL_NULL_CONVERSION = YES;
				CLANG_WARN_OBJC_IMPLICIT_RETAIN_SELF = YES;
				CLANG_WARN_OBJC_LITERAL_CONVERSION = YES;
				CLANG_WARN_OBJC_ROOT_CLASS = YES_ERROR;
				CLANG_WARN_RANGE_LOOP_ANALYSIS = YES;
				CLANG_WARN_STRICT_PROTOTYPES = YES;
				CLANG_WARN_SUSPICIOUS_MOVE = YES;
				CLANG_WARN_UNGUARDED_AVAILABILITY = YES_AGGRESSIVE;
				CLANG_WARN_UNREACHABLE_CODE = YES;
				CLANG_WARN__DUPLICATE_METHOD_MATCH = YES;
				CODE_SIGN_IDENTITY = "iPhone Developer";
				COPY_PHASE_STRIP = NO;
				DEBUG_INFORMATION_FORMAT = dwarf;
				ENABLE_STRICT_OBJC_MSGSEND = YES;
				ENABLE_TESTABILITY = YES;
				GCC_C_LANGUAGE_STANDARD = gnu11;
				GCC_DYNAMIC_NO_PIC = NO;
				GCC_NO_COMMON_BLOCKS = YES;
				GCC_OPTIMIZATION_LEVEL = 0;
				GCC_PREPROCESSOR_DEFINITIONS = (
					"DEBUG=1",
					"$(inherited)",
				);
				GCC_WARN_64_TO_32_BIT_CONVERSION = YES;
				GCC_WARN_ABOUT_RETURN_TYPE = YES_ERROR;
				GCC_WARN_UNDECLARED_SELECTOR = YES;
				GCC_WARN_UNINITIALIZED_AUTOS = YES_AGGRESSIVE;
				GCC_WARN_UNUSED_FUNCTION = YES;
				GCC_WARN_UNUSED_VARIABLE = YES;
				IPHONEOS_DEPLOYMENT_TARGET = 12.2;
				MTL_ENABLE_DEBUG_INFO = INCLUDE_SOURCE;
				MTL_FAST_MATH = YES;
				ONLY_ACTIVE_ARCH = YES;
				SDKROOT = iphoneos;
				SWIFT_ACTIVE_COMPILATION_CONDITIONS = DEBUG;
				SWIFT_OPTIMIZATION_LEVEL = "-Onone";
			};
			name = Debug;
		};
		B52F7711225C4CAB00C6CA5C /* Release */ = {
			isa = XCBuildConfiguration;
			buildSettings = {
				ALWAYS_SEARCH_USER_PATHS = NO;
				CLANG_ANALYZER_NONNULL = YES;
				CLANG_ANALYZER_NUMBER_OBJECT_CONVERSION = YES_AGGRESSIVE;
				CLANG_CXX_LANGUAGE_STANDARD = "gnu++14";
				CLANG_CXX_LIBRARY = "libc++";
				CLANG_ENABLE_MODULES = YES;
				CLANG_ENABLE_OBJC_ARC = YES;
				CLANG_ENABLE_OBJC_WEAK = YES;
				CLANG_WARN_BLOCK_CAPTURE_AUTORELEASING = YES;
				CLANG_WARN_BOOL_CONVERSION = YES;
				CLANG_WARN_COMMA = YES;
				CLANG_WARN_CONSTANT_CONVERSION = YES;
				CLANG_WARN_DEPRECATED_OBJC_IMPLEMENTATIONS = YES;
				CLANG_WARN_DIRECT_OBJC_ISA_USAGE = YES_ERROR;
				CLANG_WARN_DOCUMENTATION_COMMENTS = YES;
				CLANG_WARN_EMPTY_BODY = YES;
				CLANG_WARN_ENUM_CONVERSION = YES;
				CLANG_WARN_INFINITE_RECURSION = YES;
				CLANG_WARN_INT_CONVERSION = YES;
				CLANG_WARN_NON_LITERAL_NULL_CONVERSION = YES;
				CLANG_WARN_OBJC_IMPLICIT_RETAIN_SELF = YES;
				CLANG_WARN_OBJC_LITERAL_CONVERSION = YES;
				CLANG_WARN_OBJC_ROOT_CLASS = YES_ERROR;
				CLANG_WARN_RANGE_LOOP_ANALYSIS = YES;
				CLANG_WARN_STRICT_PROTOTYPES = YES;
				CLANG_WARN_SUSPICIOUS_MOVE = YES;
				CLANG_WARN_UNGUARDED_AVAILABILITY = YES_AGGRESSIVE;
				CLANG_WARN_UNREACHABLE_CODE = YES;
				CLANG_WARN__DUPLICATE_METHOD_MATCH = YES;
				CODE_SIGN_IDENTITY = "iPhone Developer";
				COPY_PHASE_STRIP = NO;
				DEBUG_INFORMATION_FORMAT = "dwarf-with-dsym";
				ENABLE_NS_ASSERTIONS = NO;
				ENABLE_STRICT_OBJC_MSGSEND = YES;
				GCC_C_LANGUAGE_STANDARD = gnu11;
				GCC_NO_COMMON_BLOCKS = YES;
				GCC_WARN_64_TO_32_BIT_CONVERSION = YES;
				GCC_WARN_ABOUT_RETURN_TYPE = YES_ERROR;
				GCC_WARN_UNDECLARED_SELECTOR = YES;
				GCC_WARN_UNINITIALIZED_AUTOS = YES_AGGRESSIVE;
				GCC_WARN_UNUSED_FUNCTION = YES;
				GCC_WARN_UNUSED_VARIABLE = YES;
				IPHONEOS_DEPLOYMENT_TARGET = 12.2;
				MTL_ENABLE_DEBUG_INFO = NO;
				MTL_FAST_MATH = YES;
				SDKROOT = iphoneos;
				SWIFT_COMPILATION_MODE = wholemodule;
				SWIFT_OPTIMIZATION_LEVEL = "-O";
				VALIDATE_PRODUCT = YES;
			};
			name = Release;
		};
		B52F7713225C4CAB00C6CA5C /* Debug */ = {
			isa = XCBuildConfiguration;
			buildSettings = {
				ASSETCATALOG_COMPILER_APPICON_NAME = AppIcon;
				CODE_SIGN_STYLE = Automatic;
				DEVELOPMENT_TEAM = 9GAP7JC7AZ;
				INFOPLIST_FILE = ARSwift/Info.plist;
				IPHONEOS_DEPLOYMENT_TARGET = 11.4;
				LD_RUNPATH_SEARCH_PATHS = (
					"$(inherited)",
					"@executable_path/Frameworks",
				);
				PRODUCT_BUNDLE_IDENTIFIER = com.AlexHenkel.ARSwift;
				PRODUCT_NAME = "$(TARGET_NAME)";
				SWIFT_VERSION = 5.0;
				TARGETED_DEVICE_FAMILY = "1,2";
			};
			name = Debug;
		};
		B52F7714225C4CAB00C6CA5C /* Release */ = {
			isa = XCBuildConfiguration;
			buildSettings = {
				ASSETCATALOG_COMPILER_APPICON_NAME = AppIcon;
				CODE_SIGN_STYLE = Automatic;
				DEVELOPMENT_TEAM = 9GAP7JC7AZ;
				INFOPLIST_FILE = ARSwift/Info.plist;
				IPHONEOS_DEPLOYMENT_TARGET = 11.4;
				LD_RUNPATH_SEARCH_PATHS = (
					"$(inherited)",
					"@executable_path/Frameworks",
				);
				PRODUCT_BUNDLE_IDENTIFIER = com.AlexHenkel.ARSwift;
				PRODUCT_NAME = "$(TARGET_NAME)";
				SWIFT_VERSION = 5.0;
				TARGETED_DEVICE_FAMILY = "1,2";
			};
			name = Release;
		};
/* End XCBuildConfiguration section */

/* Begin XCConfigurationList section */
		B52F76FB225C4CAA00C6CA5C /* Build configuration list for PBXProject "ARSwift" */ = {
			isa = XCConfigurationList;
			buildConfigurations = (
				B52F7710225C4CAB00C6CA5C /* Debug */,
				B52F7711225C4CAB00C6CA5C /* Release */,
			);
			defaultConfigurationIsVisible = 0;
			defaultConfigurationName = Release;
		};
		B52F7712225C4CAB00C6CA5C /* Build configuration list for PBXNativeTarget "ARSwift" */ = {
			isa = XCConfigurationList;
			buildConfigurations = (
				B52F7713225C4CAB00C6CA5C /* Debug */,
				B52F7714225C4CAB00C6CA5C /* Release */,
			);
			defaultConfigurationIsVisible = 0;
			defaultConfigurationName = Release;
		};
/* End XCConfigurationList section */
	};
	rootObject = B52F76F8225C4CAA00C6CA5C /* Project object */;
}
